// !$*UTF8*$!
{
	archiveVersion = 1;
	classes = {
	};
	objectVersion = 56;
	objects = {

/* Begin PBXBuildFile section */
		24538B252D0F1E7A0099DB0E /* ChatContainersManager.swift in Sources */ = {isa = PBXBuildFile; fileRef = 24538B242D0F1E7A0099DB0E /* ChatContainersManager.swift */; };
		24538B282D0F20260099DB0E /* ChatViewManager.swift in Sources */ = {isa = PBXBuildFile; fileRef = 24538B272D0F20260099DB0E /* ChatViewManager.swift */; };
		24538B2A2D0F205B0099DB0E /* ChatsSidebarView.swift in Sources */ = {isa = PBXBuildFile; fileRef = 24538B292D0F205B0099DB0E /* ChatsSidebarView.swift */; };
		245C17D82D4685520080B7DB /* ConversationsScrollView.swift in Sources */ = {isa = PBXBuildFile; fileRef = 245C17D72D4685520080B7DB /* ConversationsScrollView.swift */; };
		246454FB2D15D44300004262 /* EditChatNameView.swift in Sources */ = {isa = PBXBuildFile; fileRef = 246454FA2D15D44300004262 /* EditChatNameView.swift */; };
		24766F422D425F3900D72CF8 /* DividerView.swift in Sources */ = {isa = PBXBuildFile; fileRef = 24766F412D425F3900D72CF8 /* DividerView.swift */; };
		24766F442D45552200D72CF8 /* ThreadView.swift in Sources */ = {isa = PBXBuildFile; fileRef = 24766F432D45552200D72CF8 /* ThreadView.swift */; };
		24766F462D45554900D72CF8 /* Helpers.swift in Sources */ = {isa = PBXBuildFile; fileRef = 24766F452D45554900D72CF8 /* Helpers.swift */; };
		249116C92CEA4C21008E6FC6 /* AINavigationApp.swift in Sources */ = {isa = PBXBuildFile; fileRef = 249116C82CEA4C21008E6FC6 /* AINavigationApp.swift */; };
		249116CD2CEA4C23008E6FC6 /* Assets.xcassets in Resources */ = {isa = PBXBuildFile; fileRef = 249116CC2CEA4C23008E6FC6 /* Assets.xcassets */; };
		249116D02CEA4C23008E6FC6 /* Preview Assets.xcassets in Resources */ = {isa = PBXBuildFile; fileRef = 249116CF2CEA4C23008E6FC6 /* Preview Assets.xcassets */; };
		249116DB2CEA4C23008E6FC6 /* AINavigationTests.swift in Sources */ = {isa = PBXBuildFile; fileRef = 249116DA2CEA4C23008E6FC6 /* AINavigationTests.swift */; };
		249116E52CEA4C23008E6FC6 /* AINavigationUITests.swift in Sources */ = {isa = PBXBuildFile; fileRef = 249116E42CEA4C23008E6FC6 /* AINavigationUITests.swift */; };
		249116E72CEA4C23008E6FC6 /* AINavigationUITestsLaunchTests.swift in Sources */ = {isa = PBXBuildFile; fileRef = 249116E62CEA4C23008E6FC6 /* AINavigationUITestsLaunchTests.swift */; };
		249CFDCC2CF0CD3200C09CAA /* ChatContainersView.swift in Sources */ = {isa = PBXBuildFile; fileRef = 249CFDCB2CF0CD3200C09CAA /* ChatContainersView.swift */; };
		249CFDD12CF0D29C00C09CAA /* ChatView.swift in Sources */ = {isa = PBXBuildFile; fileRef = 249CFDD02CF0D29C00C09CAA /* ChatView.swift */; };
		249CFDD52CF0D31000C09CAA /* ConversationItem.swift in Sources */ = {isa = PBXBuildFile; fileRef = 249CFDD42CF0D31000C09CAA /* ConversationItem.swift */; };
		249CFDD72CF0D37D00C09CAA /* PromptView.swift in Sources */ = {isa = PBXBuildFile; fileRef = 249CFDD62CF0D37D00C09CAA /* PromptView.swift */; };
		249F72812D32BF8000AC7169 /* PromptViewManager.swift in Sources */ = {isa = PBXBuildFile; fileRef = 249F72802D32BF8000AC7169 /* PromptViewManager.swift */; };
/* End PBXBuildFile section */

/* Begin PBXContainerItemProxy section */
		249116D72CEA4C23008E6FC6 /* PBXContainerItemProxy */ = {
			isa = PBXContainerItemProxy;
			containerPortal = 249116BD2CEA4C21008E6FC6 /* Project object */;
			proxyType = 1;
			remoteGlobalIDString = 249116C42CEA4C21008E6FC6;
			remoteInfo = AINavigation;
		};
		249116E12CEA4C23008E6FC6 /* PBXContainerItemProxy */ = {
			isa = PBXContainerItemProxy;
			containerPortal = 249116BD2CEA4C21008E6FC6 /* Project object */;
			proxyType = 1;
			remoteGlobalIDString = 249116C42CEA4C21008E6FC6;
			remoteInfo = AINavigation;
		};
/* End PBXContainerItemProxy section */

/* Begin PBXFileReference section */
		24272B622D33EB4B00F0EEFF /* Info.plist */ = {isa = PBXFileReference; lastKnownFileType = text.plist; path = Info.plist; sourceTree = "<group>"; };
		24538B242D0F1E7A0099DB0E /* ChatContainersManager.swift */ = {isa = PBXFileReference; lastKnownFileType = sourcecode.swift; path = ChatContainersManager.swift; sourceTree = "<group>"; };
		24538B272D0F20260099DB0E /* ChatViewManager.swift */ = {isa = PBXFileReference; lastKnownFileType = sourcecode.swift; path = ChatViewManager.swift; sourceTree = "<group>"; };
		24538B292D0F205B0099DB0E /* ChatsSidebarView.swift */ = {isa = PBXFileReference; lastKnownFileType = sourcecode.swift; path = ChatsSidebarView.swift; sourceTree = "<group>"; };
		245C17D72D4685520080B7DB /* ConversationsScrollView.swift */ = {isa = PBXFileReference; lastKnownFileType = sourcecode.swift; path = ConversationsScrollView.swift; sourceTree = "<group>"; };
		246454FA2D15D44300004262 /* EditChatNameView.swift */ = {isa = PBXFileReference; lastKnownFileType = sourcecode.swift; path = EditChatNameView.swift; sourceTree = "<group>"; };
		24766F412D425F3900D72CF8 /* DividerView.swift */ = {isa = PBXFileReference; lastKnownFileType = sourcecode.swift; path = DividerView.swift; sourceTree = "<group>"; };
		24766F432D45552200D72CF8 /* ThreadView.swift */ = {isa = PBXFileReference; lastKnownFileType = sourcecode.swift; path = ThreadView.swift; sourceTree = "<group>"; };
		24766F452D45554900D72CF8 /* Helpers.swift */ = {isa = PBXFileReference; lastKnownFileType = sourcecode.swift; path = Helpers.swift; sourceTree = "<group>"; };
		249116C52CEA4C21008E6FC6 /* AINavigation.app */ = {isa = PBXFileReference; explicitFileType = wrapper.application; includeInIndex = 0; path = AINavigation.app; sourceTree = BUILT_PRODUCTS_DIR; };
		249116C82CEA4C21008E6FC6 /* AINavigationApp.swift */ = {isa = PBXFileReference; lastKnownFileType = sourcecode.swift; path = AINavigationApp.swift; sourceTree = "<group>"; };
		249116CC2CEA4C23008E6FC6 /* Assets.xcassets */ = {isa = PBXFileReference; lastKnownFileType = folder.assetcatalog; path = Assets.xcassets; sourceTree = "<group>"; };
		249116CF2CEA4C23008E6FC6 /* Preview Assets.xcassets */ = {isa = PBXFileReference; lastKnownFileType = folder.assetcatalog; path = "Preview Assets.xcassets"; sourceTree = "<group>"; };
		249116D12CEA4C23008E6FC6 /* AINavigation.entitlements */ = {isa = PBXFileReference; lastKnownFileType = text.plist.entitlements; path = AINavigation.entitlements; sourceTree = "<group>"; };
		249116D62CEA4C23008E6FC6 /* AINavigationTests.xctest */ = {isa = PBXFileReference; explicitFileType = wrapper.cfbundle; includeInIndex = 0; path = AINavigationTests.xctest; sourceTree = BUILT_PRODUCTS_DIR; };
		249116DA2CEA4C23008E6FC6 /* AINavigationTests.swift */ = {isa = PBXFileReference; lastKnownFileType = sourcecode.swift; path = AINavigationTests.swift; sourceTree = "<group>"; };
		249116E02CEA4C23008E6FC6 /* AINavigationUITests.xctest */ = {isa = PBXFileReference; explicitFileType = wrapper.cfbundle; includeInIndex = 0; path = AINavigationUITests.xctest; sourceTree = BUILT_PRODUCTS_DIR; };
		249116E42CEA4C23008E6FC6 /* AINavigationUITests.swift */ = {isa = PBXFileReference; lastKnownFileType = sourcecode.swift; path = AINavigationUITests.swift; sourceTree = "<group>"; };
		249116E62CEA4C23008E6FC6 /* AINavigationUITestsLaunchTests.swift */ = {isa = PBXFileReference; lastKnownFileType = sourcecode.swift; path = AINavigationUITestsLaunchTests.swift; sourceTree = "<group>"; };
		249CFDCB2CF0CD3200C09CAA /* ChatContainersView.swift */ = {isa = PBXFileReference; lastKnownFileType = sourcecode.swift; path = ChatContainersView.swift; sourceTree = "<group>"; };
		249CFDD02CF0D29C00C09CAA /* ChatView.swift */ = {isa = PBXFileReference; lastKnownFileType = sourcecode.swift; path = ChatView.swift; sourceTree = "<group>"; };
		249CFDD42CF0D31000C09CAA /* ConversationItem.swift */ = {isa = PBXFileReference; lastKnownFileType = sourcecode.swift; path = ConversationItem.swift; sourceTree = "<group>"; };
		249CFDD62CF0D37D00C09CAA /* PromptView.swift */ = {isa = PBXFileReference; lastKnownFileType = sourcecode.swift; path = PromptView.swift; sourceTree = "<group>"; };
		249F72802D32BF8000AC7169 /* PromptViewManager.swift */ = {isa = PBXFileReference; lastKnownFileType = sourcecode.swift; path = PromptViewManager.swift; sourceTree = "<group>"; };
/* End PBXFileReference section */

/* Begin PBXFrameworksBuildPhase section */
		249116C22CEA4C21008E6FC6 /* Frameworks */ = {
			isa = PBXFrameworksBuildPhase;
			buildActionMask = 2147483647;
			files = (
			);
			runOnlyForDeploymentPostprocessing = 0;
		};
		249116D32CEA4C23008E6FC6 /* Frameworks */ = {
			isa = PBXFrameworksBuildPhase;
			buildActionMask = 2147483647;
			files = (
			);
			runOnlyForDeploymentPostprocessing = 0;
		};
		249116DD2CEA4C23008E6FC6 /* Frameworks */ = {
			isa = PBXFrameworksBuildPhase;
			buildActionMask = 2147483647;
			files = (
			);
			runOnlyForDeploymentPostprocessing = 0;
		};
/* End PBXFrameworksBuildPhase section */

/* Begin PBXGroup section */
		24538B262D0F20060099DB0E /* Observables */ = {
			isa = PBXGroup;
			children = (
				24538B242D0F1E7A0099DB0E /* ChatContainersManager.swift */,
				24538B272D0F20260099DB0E /* ChatViewManager.swift */,
				249F72802D32BF8000AC7169 /* PromptViewManager.swift */,
			);
			path = Observables;
			sourceTree = "<group>";
		};
		24538B2B2D0F207C0099DB0E /* Views */ = {
			isa = PBXGroup;
			children = (
				249CFDCB2CF0CD3200C09CAA /* ChatContainersView.swift */,
				246454FA2D15D44300004262 /* EditChatNameView.swift */,
				24538B292D0F205B0099DB0E /* ChatsSidebarView.swift */,
				249CFDD02CF0D29C00C09CAA /* ChatView.swift */,
				249CFDD62CF0D37D00C09CAA /* PromptView.swift */,
				24766F412D425F3900D72CF8 /* DividerView.swift */,
				24766F432D45552200D72CF8 /* ThreadView.swift */,
				245C17D72D4685520080B7DB /* ConversationsScrollView.swift */,
			);
			path = Views;
			sourceTree = "<group>";
		};
		24538B2E2D0F22A60099DB0E /* Models */ = {
			isa = PBXGroup;
			children = (
				249CFDD42CF0D31000C09CAA /* ConversationItem.swift */,
			);
			path = Models;
			sourceTree = "<group>";
		};
		249116BC2CEA4C21008E6FC6 = {
			isa = PBXGroup;
			children = (
				249116C72CEA4C21008E6FC6 /* AINavigation */,
				249116D92CEA4C23008E6FC6 /* AINavigationTests */,
				249116E32CEA4C23008E6FC6 /* AINavigationUITests */,
				249116C62CEA4C21008E6FC6 /* Products */,
			);
			sourceTree = "<group>";
		};
		249116C62CEA4C21008E6FC6 /* Products */ = {
			isa = PBXGroup;
			children = (
				249116C52CEA4C21008E6FC6 /* AINavigation.app */,
				249116D62CEA4C23008E6FC6 /* AINavigationTests.xctest */,
				249116E02CEA4C23008E6FC6 /* AINavigationUITests.xctest */,
			);
			name = Products;
			sourceTree = "<group>";
		};
		249116C72CEA4C21008E6FC6 /* AINavigation */ = {
			isa = PBXGroup;
			children = (
				24272B622D33EB4B00F0EEFF /* Info.plist */,
				249116C82CEA4C21008E6FC6 /* AINavigationApp.swift */,
				24538B2B2D0F207C0099DB0E /* Views */,
				24538B262D0F20060099DB0E /* Observables */,
				24538B2E2D0F22A60099DB0E /* Models */,
				249116CC2CEA4C23008E6FC6 /* Assets.xcassets */,
				249116D12CEA4C23008E6FC6 /* AINavigation.entitlements */,
				249116CE2CEA4C23008E6FC6 /* Preview Content */,
				24766F452D45554900D72CF8 /* Helpers.swift */,
			);
			path = AINavigation;
			sourceTree = "<group>";
		};
		249116CE2CEA4C23008E6FC6 /* Preview Content */ = {
			isa = PBXGroup;
			children = (
				249116CF2CEA4C23008E6FC6 /* Preview Assets.xcassets */,
			);
			path = "Preview Content";
			sourceTree = "<group>";
		};
		249116D92CEA4C23008E6FC6 /* AINavigationTests */ = {
			isa = PBXGroup;
			children = (
				249116DA2CEA4C23008E6FC6 /* AINavigationTests.swift */,
			);
			path = AINavigationTests;
			sourceTree = "<group>";
		};
		249116E32CEA4C23008E6FC6 /* AINavigationUITests */ = {
			isa = PBXGroup;
			children = (
				249116E42CEA4C23008E6FC6 /* AINavigationUITests.swift */,
				249116E62CEA4C23008E6FC6 /* AINavigationUITestsLaunchTests.swift */,
			);
			path = AINavigationUITests;
			sourceTree = "<group>";
		};
/* End PBXGroup section */

/* Begin PBXNativeTarget section */
		249116C42CEA4C21008E6FC6 /* AINavigation */ = {
			isa = PBXNativeTarget;
			buildConfigurationList = 249116EA2CEA4C23008E6FC6 /* Build configuration list for PBXNativeTarget "AINavigation" */;
			buildPhases = (
				249116C12CEA4C21008E6FC6 /* Sources */,
				249116C22CEA4C21008E6FC6 /* Frameworks */,
				249116C32CEA4C21008E6FC6 /* Resources */,
			);
			buildRules = (
			);
			dependencies = (
			);
			name = AINavigation;
			productName = AINavigation;
			productReference = 249116C52CEA4C21008E6FC6 /* AINavigation.app */;
			productType = "com.apple.product-type.application";
		};
		249116D52CEA4C23008E6FC6 /* AINavigationTests */ = {
			isa = PBXNativeTarget;
			buildConfigurationList = 249116ED2CEA4C23008E6FC6 /* Build configuration list for PBXNativeTarget "AINavigationTests" */;
			buildPhases = (
				249116D22CEA4C23008E6FC6 /* Sources */,
				249116D32CEA4C23008E6FC6 /* Frameworks */,
				249116D42CEA4C23008E6FC6 /* Resources */,
			);
			buildRules = (
			);
			dependencies = (
				249116D82CEA4C23008E6FC6 /* PBXTargetDependency */,
			);
			name = AINavigationTests;
			productName = AINavigationTests;
			productReference = 249116D62CEA4C23008E6FC6 /* AINavigationTests.xctest */;
			productType = "com.apple.product-type.bundle.unit-test";
		};
		249116DF2CEA4C23008E6FC6 /* AINavigationUITests */ = {
			isa = PBXNativeTarget;
			buildConfigurationList = 249116F02CEA4C23008E6FC6 /* Build configuration list for PBXNativeTarget "AINavigationUITests" */;
			buildPhases = (
				249116DC2CEA4C23008E6FC6 /* Sources */,
				249116DD2CEA4C23008E6FC6 /* Frameworks */,
				249116DE2CEA4C23008E6FC6 /* Resources */,
			);
			buildRules = (
			);
			dependencies = (
				249116E22CEA4C23008E6FC6 /* PBXTargetDependency */,
			);
			name = AINavigationUITests;
			productName = AINavigationUITests;
			productReference = 249116E02CEA4C23008E6FC6 /* AINavigationUITests.xctest */;
			productType = "com.apple.product-type.bundle.ui-testing";
		};
/* End PBXNativeTarget section */

/* Begin PBXProject section */
		249116BD2CEA4C21008E6FC6 /* Project object */ = {
			isa = PBXProject;
			attributes = {
				BuildIndependentTargetsInParallel = 1;
				LastSwiftUpdateCheck = 1520;
				LastUpgradeCheck = 1520;
				TargetAttributes = {
					249116C42CEA4C21008E6FC6 = {
						CreatedOnToolsVersion = 15.2;
					};
					249116D52CEA4C23008E6FC6 = {
						CreatedOnToolsVersion = 15.2;
						TestTargetID = 249116C42CEA4C21008E6FC6;
					};
					249116DF2CEA4C23008E6FC6 = {
						CreatedOnToolsVersion = 15.2;
						TestTargetID = 249116C42CEA4C21008E6FC6;
					};
				};
			};
			buildConfigurationList = 249116C02CEA4C21008E6FC6 /* Build configuration list for PBXProject "AINavigation" */;
			compatibilityVersion = "Xcode 14.0";
			developmentRegion = en;
			hasScannedForEncodings = 0;
			knownRegions = (
				en,
				Base,
			);
			mainGroup = 249116BC2CEA4C21008E6FC6;
			productRefGroup = 249116C62CEA4C21008E6FC6 /* Products */;
			projectDirPath = "";
			projectRoot = "";
			targets = (
				249116C42CEA4C21008E6FC6 /* AINavigation */,
				249116D52CEA4C23008E6FC6 /* AINavigationTests */,
				249116DF2CEA4C23008E6FC6 /* AINavigationUITests */,
			);
		};
/* End PBXProject section */

/* Begin PBXResourcesBuildPhase section */
		249116C32CEA4C21008E6FC6 /* Resources */ = {
			isa = PBXResourcesBuildPhase;
			buildActionMask = 2147483647;
			files = (
				249116D02CEA4C23008E6FC6 /* Preview Assets.xcassets in Resources */,
				249116CD2CEA4C23008E6FC6 /* Assets.xcassets in Resources */,
			);
			runOnlyForDeploymentPostprocessing = 0;
		};
		249116D42CEA4C23008E6FC6 /* Resources */ = {
			isa = PBXResourcesBuildPhase;
			buildActionMask = 2147483647;
			files = (
			);
			runOnlyForDeploymentPostprocessing = 0;
		};
		249116DE2CEA4C23008E6FC6 /* Resources */ = {
			isa = PBXResourcesBuildPhase;
			buildActionMask = 2147483647;
			files = (
			);
			runOnlyForDeploymentPostprocessing = 0;
		};
/* End PBXResourcesBuildPhase section */

/* Begin PBXSourcesBuildPhase section */
		249116C12CEA4C21008E6FC6 /* Sources */ = {
			isa = PBXSourcesBuildPhase;
			buildActionMask = 2147483647;
			files = (
				245C17D82D4685520080B7DB /* ConversationsScrollView.swift in Sources */,
				24766F422D425F3900D72CF8 /* DividerView.swift in Sources */,
				246454FB2D15D44300004262 /* EditChatNameView.swift in Sources */,
				24538B252D0F1E7A0099DB0E /* ChatContainersManager.swift in Sources */,
				249CFDCC2CF0CD3200C09CAA /* ChatContainersView.swift in Sources */,
				249CFDD72CF0D37D00C09CAA /* PromptView.swift in Sources */,
				249CFDD52CF0D31000C09CAA /* ConversationItem.swift in Sources */,
				24766F442D45552200D72CF8 /* ThreadView.swift in Sources */,
				24538B2A2D0F205B0099DB0E /* ChatsSidebarView.swift in Sources */,
				249F72812D32BF8000AC7169 /* PromptViewManager.swift in Sources */,
				24538B282D0F20260099DB0E /* ChatViewManager.swift in Sources */,
				24766F462D45554900D72CF8 /* Helpers.swift in Sources */,
				249116C92CEA4C21008E6FC6 /* AINavigationApp.swift in Sources */,
				249CFDD12CF0D29C00C09CAA /* ChatView.swift in Sources */,
			);
			runOnlyForDeploymentPostprocessing = 0;
		};
		249116D22CEA4C23008E6FC6 /* Sources */ = {
			isa = PBXSourcesBuildPhase;
			buildActionMask = 2147483647;
			files = (
				249116DB2CEA4C23008E6FC6 /* AINavigationTests.swift in Sources */,
			);
			runOnlyForDeploymentPostprocessing = 0;
		};
		249116DC2CEA4C23008E6FC6 /* Sources */ = {
			isa = PBXSourcesBuildPhase;
			buildActionMask = 2147483647;
			files = (
				249116E72CEA4C23008E6FC6 /* AINavigationUITestsLaunchTests.swift in Sources */,
				249116E52CEA4C23008E6FC6 /* AINavigationUITests.swift in Sources */,
			);
			runOnlyForDeploymentPostprocessing = 0;
		};
/* End PBXSourcesBuildPhase section */

/* Begin PBXTargetDependency section */
		249116D82CEA4C23008E6FC6 /* PBXTargetDependency */ = {
			isa = PBXTargetDependency;
			target = 249116C42CEA4C21008E6FC6 /* AINavigation */;
			targetProxy = 249116D72CEA4C23008E6FC6 /* PBXContainerItemProxy */;
		};
		249116E22CEA4C23008E6FC6 /* PBXTargetDependency */ = {
			isa = PBXTargetDependency;
			target = 249116C42CEA4C21008E6FC6 /* AINavigation */;
			targetProxy = 249116E12CEA4C23008E6FC6 /* PBXContainerItemProxy */;
		};
/* End PBXTargetDependency section */

/* Begin XCBuildConfiguration section */
		249116E82CEA4C23008E6FC6 /* Debug */ = {
			isa = XCBuildConfiguration;
			buildSettings = {
				ALWAYS_SEARCH_USER_PATHS = NO;
				ASSETCATALOG_COMPILER_GENERATE_SWIFT_ASSET_SYMBOL_EXTENSIONS = YES;
				CLANG_ANALYZER_NONNULL = YES;
				CLANG_ANALYZER_NUMBER_OBJECT_CONVERSION = YES_AGGRESSIVE;
				CLANG_CXX_LANGUAGE_STANDARD = "gnu++20";
				CLANG_ENABLE_MODULES = YES;
				CLANG_ENABLE_OBJC_ARC = YES;
				CLANG_ENABLE_OBJC_WEAK = YES;
				CLANG_WARN_BLOCK_CAPTURE_AUTORELEASING = YES;
				CLANG_WARN_BOOL_CONVERSION = YES;
				CLANG_WARN_COMMA = YES;
				CLANG_WARN_CONSTANT_CONVERSION = YES;
				CLANG_WARN_DEPRECATED_OBJC_IMPLEMENTATIONS = YES;
				CLANG_WARN_DIRECT_OBJC_ISA_USAGE = YES_ERROR;
				CLANG_WARN_DOCUMENTATION_COMMENTS = YES;
				CLANG_WARN_EMPTY_BODY = YES;
				CLANG_WARN_ENUM_CONVERSION = YES;
				CLANG_WARN_INFINITE_RECURSION = YES;
				CLANG_WARN_INT_CONVERSION = YES;
				CLANG_WARN_NON_LITERAL_NULL_CONVERSION = YES;
				CLANG_WARN_OBJC_IMPLICIT_RETAIN_SELF = YES;
				CLANG_WARN_OBJC_LITERAL_CONVERSION = YES;
				CLANG_WARN_OBJC_ROOT_CLASS = YES_ERROR;
				CLANG_WARN_QUOTED_INCLUDE_IN_FRAMEWORK_HEADER = YES;
				CLANG_WARN_RANGE_LOOP_ANALYSIS = YES;
				CLANG_WARN_STRICT_PROTOTYPES = YES;
				CLANG_WARN_SUSPICIOUS_MOVE = YES;
				CLANG_WARN_UNGUARDED_AVAILABILITY = YES_AGGRESSIVE;
				CLANG_WARN_UNREACHABLE_CODE = YES;
				CLANG_WARN__DUPLICATE_METHOD_MATCH = YES;
				COPY_PHASE_STRIP = NO;
				DEBUG_INFORMATION_FORMAT = dwarf;
				ENABLE_STRICT_OBJC_MSGSEND = YES;
				ENABLE_TESTABILITY = YES;
				ENABLE_USER_SCRIPT_SANDBOXING = YES;
				GCC_C_LANGUAGE_STANDARD = gnu17;
				GCC_DYNAMIC_NO_PIC = NO;
				GCC_NO_COMMON_BLOCKS = YES;
				GCC_OPTIMIZATION_LEVEL = 0;
				GCC_PREPROCESSOR_DEFINITIONS = (
					"DEBUG=1",
					"$(inherited)",
				);
				GCC_WARN_64_TO_32_BIT_CONVERSION = YES;
				GCC_WARN_ABOUT_RETURN_TYPE = YES_ERROR;
				GCC_WARN_UNDECLARED_SELECTOR = YES;
				GCC_WARN_UNINITIALIZED_AUTOS = YES_AGGRESSIVE;
				GCC_WARN_UNUSED_FUNCTION = YES;
				GCC_WARN_UNUSED_VARIABLE = YES;
				LOCALIZATION_PREFERS_STRING_CATALOGS = YES;
				MACOSX_DEPLOYMENT_TARGET = 14.2;
				MTL_ENABLE_DEBUG_INFO = INCLUDE_SOURCE;
				MTL_FAST_MATH = YES;
				ONLY_ACTIVE_ARCH = YES;
				SDKROOT = macosx;
				SWIFT_ACTIVE_COMPILATION_CONDITIONS = "DEBUG $(inherited)";
				SWIFT_OPTIMIZATION_LEVEL = "-Onone";
			};
			name = Debug;
		};
		249116E92CEA4C23008E6FC6 /* Release */ = {
			isa = XCBuildConfiguration;
			buildSettings = {
				ALWAYS_SEARCH_USER_PATHS = NO;
				ASSETCATALOG_COMPILER_GENERATE_SWIFT_ASSET_SYMBOL_EXTENSIONS = YES;
				CLANG_ANALYZER_NONNULL = YES;
				CLANG_ANALYZER_NUMBER_OBJECT_CONVERSION = YES_AGGRESSIVE;
				CLANG_CXX_LANGUAGE_STANDARD = "gnu++20";
				CLANG_ENABLE_MODULES = YES;
				CLANG_ENABLE_OBJC_ARC = YES;
				CLANG_ENABLE_OBJC_WEAK = YES;
				CLANG_WARN_BLOCK_CAPTURE_AUTORELEASING = YES;
				CLANG_WARN_BOOL_CONVERSION = YES;
				CLANG_WARN_COMMA = YES;
				CLANG_WARN_CONSTANT_CONVERSION = YES;
				CLANG_WARN_DEPRECATED_OBJC_IMPLEMENTATIONS = YES;
				CLANG_WARN_DIRECT_OBJC_ISA_USAGE = YES_ERROR;
				CLANG_WARN_DOCUMENTATION_COMMENTS = YES;
				CLANG_WARN_EMPTY_BODY = YES;
				CLANG_WARN_ENUM_CONVERSION = YES;
				CLANG_WARN_INFINITE_RECURSION = YES;
				CLANG_WARN_INT_CONVERSION = YES;
				CLANG_WARN_NON_LITERAL_NULL_CONVERSION = YES;
				CLANG_WARN_OBJC_IMPLICIT_RETAIN_SELF = YES;
				CLANG_WARN_OBJC_LITERAL_CONVERSION = YES;
				CLANG_WARN_OBJC_ROOT_CLASS = YES_ERROR;
				CLANG_WARN_QUOTED_INCLUDE_IN_FRAMEWORK_HEADER = YES;
				CLANG_WARN_RANGE_LOOP_ANALYSIS = YES;
				CLANG_WARN_STRICT_PROTOTYPES = YES;
				CLANG_WARN_SUSPICIOUS_MOVE = YES;
				CLANG_WARN_UNGUARDED_AVAILABILITY = YES_AGGRESSIVE;
				CLANG_WARN_UNREACHABLE_CODE = YES;
				CLANG_WARN__DUPLICATE_METHOD_MATCH = YES;
				COPY_PHASE_STRIP = NO;
				DEBUG_INFORMATION_FORMAT = "dwarf-with-dsym";
				ENABLE_NS_ASSERTIONS = NO;
				ENABLE_STRICT_OBJC_MSGSEND = YES;
				ENABLE_USER_SCRIPT_SANDBOXING = YES;
				GCC_C_LANGUAGE_STANDARD = gnu17;
				GCC_NO_COMMON_BLOCKS = YES;
				GCC_WARN_64_TO_32_BIT_CONVERSION = YES;
				GCC_WARN_ABOUT_RETURN_TYPE = YES_ERROR;
				GCC_WARN_UNDECLARED_SELECTOR = YES;
				GCC_WARN_UNINITIALIZED_AUTOS = YES_AGGRESSIVE;
				GCC_WARN_UNUSED_FUNCTION = YES;
				GCC_WARN_UNUSED_VARIABLE = YES;
				LOCALIZATION_PREFERS_STRING_CATALOGS = YES;
				MACOSX_DEPLOYMENT_TARGET = 14.2;
				MTL_ENABLE_DEBUG_INFO = NO;
				MTL_FAST_MATH = YES;
				SDKROOT = macosx;
				SWIFT_COMPILATION_MODE = wholemodule;
			};
			name = Release;
		};
		249116EB2CEA4C23008E6FC6 /* Debug */ = {
			isa = XCBuildConfiguration;
			buildSettings = {
				ASSETCATALOG_COMPILER_APPICON_NAME = AppIcon;
				ASSETCATALOG_COMPILER_GLOBAL_ACCENT_COLOR_NAME = AccentColor;
				CODE_SIGN_ENTITLEMENTS = AINavigation/AINavigation.entitlements;
				CODE_SIGN_STYLE = Automatic;
				COMBINE_HIDPI_IMAGES = YES;
				CURRENT_PROJECT_VERSION = 1;
				DEVELOPMENT_ASSET_PATHS = "\"AINavigation/Preview Content\"";
				DEVELOPMENT_TEAM = W7KDN9ZT24;
				ENABLE_HARDENED_RUNTIME = YES;
				ENABLE_PREVIEWS = YES;
				GENERATE_INFOPLIST_FILE = YES;
				INFOPLIST_FILE = AINavigation/Info.plist;
				INFOPLIST_KEY_NSHumanReadableCopyright = "";
				LD_RUNPATH_SEARCH_PATHS = (
					"$(inherited)",
					"@executable_path/../Frameworks",
				);
				MARKETING_VERSION = 1.0;
				PRODUCT_BUNDLE_IDENTIFIER = com.OmarTorres.AINavigation;
				PRODUCT_NAME = "$(TARGET_NAME)";
				SWIFT_EMIT_LOC_STRINGS = YES;
				SWIFT_VERSION = 5.0;
			};
			name = Debug;
		};
		249116EC2CEA4C23008E6FC6 /* Release */ = {
			isa = XCBuildConfiguration;
			buildSettings = {
				ASSETCATALOG_COMPILER_APPICON_NAME = AppIcon;
				ASSETCATALOG_COMPILER_GLOBAL_ACCENT_COLOR_NAME = AccentColor;
				CODE_SIGN_ENTITLEMENTS = AINavigation/AINavigation.entitlements;
				CODE_SIGN_STYLE = Automatic;
				COMBINE_HIDPI_IMAGES = YES;
				CURRENT_PROJECT_VERSION = 1;
				DEVELOPMENT_ASSET_PATHS = "\"AINavigation/Preview Content\"";
				DEVELOPMENT_TEAM = W7KDN9ZT24;
				ENABLE_HARDENED_RUNTIME = YES;
				ENABLE_PREVIEWS = YES;
				GENERATE_INFOPLIST_FILE = YES;
				INFOPLIST_FILE = AINavigation/Info.plist;
				INFOPLIST_KEY_NSHumanReadableCopyright = "";
				LD_RUNPATH_SEARCH_PATHS = (
					"$(inherited)",
					"@executable_path/../Frameworks",
				);
				MARKETING_VERSION = 1.0;
				PRODUCT_BUNDLE_IDENTIFIER = com.OmarTorres.AINavigation;
				PRODUCT_NAME = "$(TARGET_NAME)";
				SWIFT_EMIT_LOC_STRINGS = YES;
				SWIFT_VERSION = 5.0;
			};
			name = Release;
		};
		249116EE2CEA4C23008E6FC6 /* Debug */ = {
			isa = XCBuildConfiguration;
			buildSettings = {
				ALWAYS_EMBED_SWIFT_STANDARD_LIBRARIES = YES;
				BUNDLE_LOADER = "$(TEST_HOST)";
				CODE_SIGN_STYLE = Automatic;
				CURRENT_PROJECT_VERSION = 1;
				DEVELOPMENT_TEAM = W7KDN9ZT24;
				GENERATE_INFOPLIST_FILE = YES;
				MACOSX_DEPLOYMENT_TARGET = 14.2;
				MARKETING_VERSION = 1.0;
				PRODUCT_BUNDLE_IDENTIFIER = com.OmarTorres.AINavigationTests;
				PRODUCT_NAME = "$(TARGET_NAME)";
				SWIFT_EMIT_LOC_STRINGS = NO;
				SWIFT_VERSION = 5.0;
				TEST_HOST = "$(BUILT_PRODUCTS_DIR)/AINavigation.app/$(BUNDLE_EXECUTABLE_FOLDER_PATH)/AINavigation";
			};
			name = Debug;
		};
		249116EF2CEA4C23008E6FC6 /* Release */ = {
			isa = XCBuildConfiguration;
			buildSettings = {
				ALWAYS_EMBED_SWIFT_STANDARD_LIBRARIES = YES;
				BUNDLE_LOADER = "$(TEST_HOST)";
				CODE_SIGN_STYLE = Automatic;
				CURRENT_PROJECT_VERSION = 1;
				DEVELOPMENT_TEAM = W7KDN9ZT24;
				GENERATE_INFOPLIST_FILE = YES;
				MACOSX_DEPLOYMENT_TARGET = 14.2;
				MARKETING_VERSION = 1.0;
				PRODUCT_BUNDLE_IDENTIFIER = com.OmarTorres.AINavigationTests;
				PRODUCT_NAME = "$(TARGET_NAME)";
				SWIFT_EMIT_LOC_STRINGS = NO;
				SWIFT_VERSION = 5.0;
				TEST_HOST = "$(BUILT_PRODUCTS_DIR)/AINavigation.app/$(BUNDLE_EXECUTABLE_FOLDER_PATH)/AINavigation";
			};
			name = Release;
		};
		249116F12CEA4C23008E6FC6 /* Debug */ = {
			isa = XCBuildConfiguration;
			buildSettings = {
				ALWAYS_EMBED_SWIFT_STANDARD_LIBRARIES = YES;
				CODE_SIGN_STYLE = Automatic;
				CURRENT_PROJECT_VERSION = 1;
				DEVELOPMENT_TEAM = W7KDN9ZT24;
				GENERATE_INFOPLIST_FILE = YES;
				MARKETING_VERSION = 1.0;
				PRODUCT_BUNDLE_IDENTIFIER = com.OmarTorres.AINavigationUITests;
				PRODUCT_NAME = "$(TARGET_NAME)";
				SWIFT_EMIT_LOC_STRINGS = NO;
				SWIFT_VERSION = 5.0;
				TEST_TARGET_NAME = AINavigation;
			};
			name = Debug;
		};
		249116F22CEA4C23008E6FC6 /* Release */ = {
			isa = XCBuildConfiguration;
			buildSettings = {
				ALWAYS_EMBED_SWIFT_STANDARD_LIBRARIES = YES;
				CODE_SIGN_STYLE = Automatic;
				CURRENT_PROJECT_VERSION = 1;
				DEVELOPMENT_TEAM = W7KDN9ZT24;
				GENERATE_INFOPLIST_FILE = YES;
				MARKETING_VERSION = 1.0;
				PRODUCT_BUNDLE_IDENTIFIER = com.OmarTorres.AINavigationUITests;
				PRODUCT_NAME = "$(TARGET_NAME)";
				SWIFT_EMIT_LOC_STRINGS = NO;
				SWIFT_VERSION = 5.0;
				TEST_TARGET_NAME = AINavigation;
			};
			name = Release;
		};
/* End XCBuildConfiguration section */

/* Begin XCConfigurationList section */
		249116C02CEA4C21008E6FC6 /* Build configuration list for PBXProject "AINavigation" */ = {
			isa = XCConfigurationList;
			buildConfigurations = (
				249116E82CEA4C23008E6FC6 /* Debug */,
				249116E92CEA4C23008E6FC6 /* Release */,
			);
			defaultConfigurationIsVisible = 0;
			defaultConfigurationName = Release;
		};
		249116EA2CEA4C23008E6FC6 /* Build configuration list for PBXNativeTarget "AINavigation" */ = {
			isa = XCConfigurationList;
			buildConfigurations = (
				249116EB2CEA4C23008E6FC6 /* Debug */,
				249116EC2CEA4C23008E6FC6 /* Release */,
			);
			defaultConfigurationIsVisible = 0;
			defaultConfigurationName = Release;
		};
		249116ED2CEA4C23008E6FC6 /* Build configuration list for PBXNativeTarget "AINavigationTests" */ = {
			isa = XCConfigurationList;
			buildConfigurations = (
				249116EE2CEA4C23008E6FC6 /* Debug */,
				249116EF2CEA4C23008E6FC6 /* Release */,
			);
			defaultConfigurationIsVisible = 0;
			defaultConfigurationName = Release;
		};
		249116F02CEA4C23008E6FC6 /* Build configuration list for PBXNativeTarget "AINavigationUITests" */ = {
			isa = XCConfigurationList;
			buildConfigurations = (
				249116F12CEA4C23008E6FC6 /* Debug */,
				249116F22CEA4C23008E6FC6 /* Release */,
			);
			defaultConfigurationIsVisible = 0;
			defaultConfigurationName = Release;
		};
/* End XCConfigurationList section */
	};
	rootObject = 249116BD2CEA4C21008E6FC6 /* Project object */;
}
